<?xml version="1.0" encoding="utf-8"?>
<Project ToolsVersion="4.0" xmlns="http://schemas.microsoft.com/developer/msbuild/2003">
  <ItemGroup>
    <Filter Include="ソースファイル【ヘルパ】">
      <UniqueIdentifier>{4FC737F1-C7A5-4376-A066-2A32D752A2FF}</UniqueIdentifier>
      <Extensions>cpp;c;cc;cxx;def;odl;idl;hpj;bat;asm;asmx</Extensions>
    </Filter>
    <Filter Include="ヘッダーファイル【リソース】">
      <UniqueIdentifier>{93995380-89BD-4b04-88EB-625FBE52EBFB}</UniqueIdentifier>
      <Extensions>h;hpp;hxx;hm;inl;inc;xsd</Extensions>
    </Filter>
    <Filter Include="リソース ファイル">
      <UniqueIdentifier>{67DA6AB6-F800-4c08-8B7A-83BB121AAD01}</UniqueIdentifier>
      <Extensions>rc;ico;cur;bmp;dlg;rc2;rct;bin;rgs;gif;jpg;jpeg;jpe;resx;tiff;tif;png;wav</Extensions>
    </Filter>
    <Filter Include="ヘッダーファイル【ヘルパ】">
      <UniqueIdentifier>{ea4821d9-a817-4a06-9966-2118c1b39f67}</UniqueIdentifier>
    </Filter>
    <Filter Include="ソースファイル【メイン】">
      <UniqueIdentifier>{2bde00c0-ab0c-456b-9d29-1ea78497447d}</UniqueIdentifier>
    </Filter>
  </ItemGroup>
  <ItemGroup>
    <ClCompile Include="GetOSVersion.cpp">
      <Filter>ソースファイル【ヘルパ】</Filter>
    </ClCompile>
    <ClCompile Include="GetProcess.cpp">
      <Filter>ソースファイル【ヘルパ】</Filter>
    </ClCompile>
    <ClCompile Include="SetConsole.cpp">
      <Filter>ソースファイル【ヘルパ】</Filter>
    </ClCompile>
    <ClCompile Include="ModDebugger.cpp">
      <Filter>ソースファイル【メイン】</Filter>
    </ClCompile>
  </ItemGroup>
  <ItemGroup>
    <ClInclude Include="resource.h">
      <Filter>ヘッダーファイル【リソース】</Filter>
    </ClInclude>
    <ClInclude Include="GetProcess.h">
      <Filter>ヘッダーファイル【ヘルパ】</Filter>
    </ClInclude>
    <ClInclude Include="SetConsole.h">
      <Filter>ヘッダーファイル【ヘルパ】</Filter>
    </ClInclude>
    <ClInclude Include="WinTarget.h">
      <Filter>ヘッダーファイル【ヘルパ】</Filter>
    </ClInclude>
  </ItemGroup>
  <ItemGroup>
    <Image Include="ModDebugger.ico">
      <Filter>リソース ファイル</Filter>
    </Image>
  </ItemGroup>
  <ItemGroup>
    <ResourceCompile Include="ModDebugger.rc">
      <Filter>リソース ファイル</Filter>
    </ResourceCompile>
  </ItemGroup>
</Project>